
Microsoft Visual Studio Solution File, Format Version 12.00
# Visual Studio Version 17
VisualStudioVersion = 17.8.34408.163
MinimumVisualStudioVersion = 10.0.40219.1
Project("{FAE04EC0-301F-11D3-BF4B-00C04F79EFBC}") = "Clouds", "Clouds\Clouds.csproj", "{73EAB9FF-BD7B-4616-96EE-750490F7143D}"
EndProject
Global
	GlobalSection(SolutionConfigurationPlatforms) = preSolution
		Debug|Any CPU = Debug|Any CPU
		Release|Any CPU = Release|Any CPU
	EndGlobalSection
	GlobalSection(ProjectConfigurationPlatforms) = postSolution
		{73EAB9FF-BD7B-4616-96EE-750490F7143D}.Debug|Any CPU.ActiveCfg = Debug|Any CPU
		{73EAB9FF-BD7B-4616-96EE-750490F7143D}.Debug|Any CPU.Build.0 = Debug|Any CPU
		{73EAB9FF-BD7B-4616-96EE-750490F7143D}.Release|Any CPU.ActiveCfg = Release|Any CPU
		{73EAB9FF-BD7B-4616-96EE-750490F7143D}.Release|Any CPU.Build.0 = Release|Any CPU
	EndGlobalSection
	GlobalSection(SolutionProperties) = preSolution
		HideSolutionNode = FALSE
	EndGlobalSection
	GlobalSection(ExtensibilityGlobals) = postSolution
		SolutionGuid = {B4F14CE1-ABDB-437D-9423-B366B5A352AD}
	EndGlobalSection
EndGlobal
